<?xml version="1.0" encoding="utf-8"?>
<Project ToolsVersion="4.0" xmlns="http://schemas.microsoft.com/developer/msbuild/2003">
  <ItemGroup>
    <Filter Include="Platform">
      <UniqueIdentifier>{2AC788B4-1694-E3BF-3FAD-D1672BD9184E}</UniqueIdentifier>
    </Filter>
    <Filter Include="Platform\Windows">
      <UniqueIdentifier>{64FBD71A-50F4-F66C-7926-DCF1657ED678}</UniqueIdentifier>
    </Filter>
    <Filter Include="Pulio">
      <UniqueIdentifier>{2EAAE80D-9ABE-10BF-6340-B41ECF130DF0}</UniqueIdentifier>
    </Filter>
    <Filter Include="Pulio\Core">
      <UniqueIdentifier>{465BA9FA-3213-EB47-9B1A-C4A387F18538}</UniqueIdentifier>
    </Filter>
    <Filter Include="Pulio\Event">
      <UniqueIdentifier>{FF95FC4F-6B4B-7545-F43F-6F1C60F46B49}</UniqueIdentifier>
    </Filter>
  </ItemGroup>
  <ItemGroup>
    <ClInclude Include="src\Platform\Windows\WindowsWindow.h">
      <Filter>Platform\Windows</Filter>
    </ClInclude>
    <ClInclude Include="src\Pulio.h" />
    <ClInclude Include="src\Pulio\Core\Application.h">
      <Filter>Pulio\Core</Filter>
    </ClInclude>
    <ClInclude Include="src\Pulio\Core\Core.h">
      <Filter>Pulio\Core</Filter>
    </ClInclude>
    <ClInclude Include="src\Pulio\Core\EntryPoint.h">
      <Filter>Pulio\Core</Filter>
    </ClInclude>
    <ClInclude Include="src\Pulio\Core\Log.h">
      <Filter>Pulio\Core</Filter>
    </ClInclude>
    <ClInclude Include="src\Pulio\Core\Window.h">
      <Filter>Pulio\Core</Filter>
    </ClInclude>
    <ClInclude Include="src\Pulio\Event\ApplicationEvent.h">
      <Filter>Pulio\Event</Filter>
    </ClInclude>
    <ClInclude Include="src\Pulio\Event\Event.h">
      <Filter>Pulio\Event</Filter>
    </ClInclude>
    <ClInclude Include="src\Pulio\Event\KeyEvent.h">
      <Filter>Pulio\Event</Filter>
    </ClInclude>
    <ClInclude Include="src\Pulio\Event\MouseEvent.h">
      <Filter>Pulio\Event</Filter>
    </ClInclude>
    <ClInclude Include="src\Pulio\Event\WindowEvent.h">
      <Filter>Pulio\Event</Filter>
    </ClInclude>
    <ClInclude Include="src\Pulio\Layer.h">
      <Filter>Pulio</Filter>
    </ClInclude>
    <ClInclude Include="src\Pulio\LayerStack.h">
      <Filter>Pulio</Filter>
    </ClInclude>
    <ClInclude Include="src\plpch.h" />
  </ItemGroup>
  <ItemGroup>
    <ClCompile Include="src\Platform\Windows\WindowsWindow.cpp">
      <Filter>Platform\Windows</Filter>
    </ClCompile>
    <ClCompile Include="src\Pulio\Core\Application.cpp">
      <Filter>Pulio\Core</Filter>
    </ClCompile>
    <ClCompile Include="src\Pulio\Core\Log.cpp">
      <Filter>Pulio\Core</Filter>
    </ClCompile>
    <ClCompile Include="src\Pulio\LayerStack.cpp">
      <Filter>Pulio</Filter>
    </ClCompile>
    <ClCompile Include="src\plpch.cpp" />
  </ItemGroup>
</Project>