<?xml version="1.0" encoding="utf-8"?>
<Project ToolsVersion="4.0" xmlns="http://schemas.microsoft.com/developer/msbuild/2003">
  <ItemGroup>
    <Filter Include="Pulio">
      <UniqueIdentifier>{2EAAE80D-9ABE-10BF-6340-B41ECF130DF0}</UniqueIdentifier>
    </Filter>
    <Filter Include="Pulio\Event">
      <UniqueIdentifier>{FF95FC4F-6B4B-7545-F43F-6F1C60F46B49}</UniqueIdentifier>
    </Filter>
  </ItemGroup>
  <ItemGroup>
    <ClInclude Include="src\Pulio.h" />
    <ClInclude Include="src\Pulio\Application.h">
      <Filter>Pulio</Filter>
    </ClInclude>
    <ClInclude Include="src\Pulio\Core.h">
      <Filter>Pulio</Filter>
    </ClInclude>
    <ClInclude Include="src\Pulio\EntryPoint.h">
      <Filter>Pulio</Filter>
    </ClInclude>
    <ClInclude Include="src\Pulio\Event\ApplicationEvent.h">
      <Filter>Pulio\Event</Filter>
    </ClInclude>
    <ClInclude Include="src\Pulio\Event\Event.h">
      <Filter>Pulio\Event</Filter>
    </ClInclude>
    <ClInclude Include="src\Pulio\Event\KeyEvent.h">
      <Filter>Pulio\Event</Filter>
    </ClInclude>
    <ClInclude Include="src\Pulio\Event\MouseEvent.h">
      <Filter>Pulio\Event</Filter>
    </ClInclude>
    <ClInclude Include="src\Pulio\Event\WindowEvent.h">
      <Filter>Pulio\Event</Filter>
    </ClInclude>
    <ClInclude Include="src\Pulio\Log.h">
      <Filter>Pulio</Filter>
    </ClInclude>
    <ClInclude Include="src\plpch.h" />
  </ItemGroup>
  <ItemGroup>
    <ClCompile Include="src\Pulio\Application.cpp">
      <Filter>Pulio</Filter>
    </ClCompile>
    <ClCompile Include="src\Pulio\Log.cpp">
      <Filter>Pulio</Filter>
    </ClCompile>
    <ClCompile Include="src\plpch.cpp" />
  </ItemGroup>
</Project>